
Microsoft Visual Studio Solution File, Format Version 12.00
# Visual Studio Version 16
VisualStudioVersion = 25.0.1705.2
MinimumVisualStudioVersion = 10.0.40219.1
Project("{FAE04EC0-301F-11D3-BF4B-00C04F79EFBC}") = "Sample", "Sample.csproj", "{71667D4C-CE08-4860-A7E6-B00003ECC3CC}"
EndProject
Global
	GlobalSection(SolutionConfigurationPlatforms) = preSolution
		Debug|Any CPU = Debug|Any CPU
		Release|Any CPU = Release|Any CPU
	EndGlobalSection
	GlobalSection(ProjectConfigurationPlatforms) = postSolution
		{71667D4C-CE08-4860-A7E6-B00003ECC3CC}.Debug|Any CPU.ActiveCfg = Debug|Any CPU
		{71667D4C-CE08-4860-A7E6-B00003ECC3CC}.Debug|Any CPU.Build.0 = Debug|Any CPU
		{71667D4C-CE08-4860-A7E6-B00003ECC3CC}.Release|Any CPU.ActiveCfg = Release|Any CPU
		{71667D4C-CE08-4860-A7E6-B00003ECC3CC}.Release|Any CPU.Build.0 = Release|Any CPU
	EndGlobalSection
	GlobalSection(SolutionProperties) = preSolution
		HideSolutionNode = FALSE
	EndGlobalSection
	GlobalSection(ExtensibilityGlobals) = postSolution
		SolutionGuid = {8994370A-45F7-4F49-A365-580300C30611}
	EndGlobalSection
EndGlobal
